// !$*UTF8*$!
{
	archiveVersion = 1;
	classes = {
	};
	objectVersion = 77;
	objects = {

/* Begin PBXContainerItemProxy section */
		BE04CEC22DCAF7D100C8E0B0 /* PBXContainerItemProxy */ = {
			isa = PBXContainerItemProxy;
			containerPortal = BE04CEAB2DCAF7CF00C8E0B0 /* Project object */;
			proxyType = 1;
			remoteGlobalIDString = BE04CEB22DCAF7CF00C8E0B0;
			remoteInfo = MyAPIApp;
		};
		BE04CECC2DCAF7D100C8E0B0 /* PBXContainerItemProxy */ = {
			isa = PBXContainerItemProxy;
			containerPortal = BE04CEAB2DCAF7CF00C8E0B0 /* Project object */;
			proxyType = 1;
			remoteGlobalIDString = BE04CEB22DCAF7CF00C8E0B0;
			remoteInfo = MyAPIApp;
		};
/* End PBXContainerItemProxy section */

/* Begin PBXFileReference section */
		BE04CEB32DCAF7CF00C8E0B0 /* MyAPIApp.app */ = {isa = PBXFileReference; explicitFileType = wrapper.application; includeInIndex = 0; path = MyAPIApp.app; sourceTree = BUILT_PRODUCTS_DIR; };
		BE04CEC12DCAF7D100C8E0B0 /* MyAPIAppTests.xctest */ = {isa = PBXFileReference; explicitFileType = wrapper.cfbundle; includeInIndex = 0; path = MyAPIAppTests.xctest; sourceTree = BUILT_PRODUCTS_DIR; };
		BE04CECB2DCAF7D100C8E0B0 /* MyAPIAppUITests.xctest */ = {isa = PBXFileReference; explicitFileType = wrapper.cfbundle; includeInIndex = 0; path = MyAPIAppUITests.xctest; sourceTree = BUILT_PRODUCTS_DIR; };
/* End PBXFileReference section */

/* Begin PBXFileSystemSynchronizedRootGroup section */
		BE04CEB52DCAF7CF00C8E0B0 /* MyAPIApp */ = {
			isa = PBXFileSystemSynchronizedRootGroup;
			path = MyAPIApp;
			sourceTree = "<group>";
		};
		BE04CEC42DCAF7D100C8E0B0 /* MyAPIAppTests */ = {
			isa = PBXFileSystemSynchronizedRootGroup;
			path = MyAPIAppTests;
			sourceTree = "<group>";
		};
		BE04CECE2DCAF7D100C8E0B0 /* MyAPIAppUITests */ = {
			isa = PBXFileSystemSynchronizedRootGroup;
			path = MyAPIAppUITests;
			sourceTree = "<group>";
		};
/* End PBXFileSystemSynchronizedRootGroup section */

/* Begin PBXFrameworksBuildPhase section */
		BE04CEB02DCAF7CF00C8E0B0 /* Frameworks */ = {
			isa = PBXFrameworksBuildPhase;
			buildActionMask = 2147483647;
			files = (
			);
			runOnlyForDeploymentPostprocessing = 0;
		};
		BE04CEBE2DCAF7D100C8E0B0 /* Frameworks */ = {
			isa = PBXFrameworksBuildPhase;
			buildActionMask = 2147483647;
			files = (
			);
			runOnlyForDeploymentPostprocessing = 0;
		};
		BE04CEC82DCAF7D100C8E0B0 /* Frameworks */ = {
			isa = PBXFrameworksBuildPhase;
			buildActionMask = 2147483647;
			files = (
			);
			runOnlyForDeploymentPostprocessing = 0;
		};
/* End PBXFrameworksBuildPhase section */

/* Begin PBXGroup section */
		BE04CEAA2DCAF7CF00C8E0B0 = {
			isa = PBXGroup;
			children = (
				BE04CEB52DCAF7CF00C8E0B0 /* MyAPIApp */,
				BE04CEC42DCAF7D100C8E0B0 /* MyAPIAppTests */,
				BE04CECE2DCAF7D100C8E0B0 /* MyAPIAppUITests */,
				BE04CEB42DCAF7CF00C8E0B0 /* Products */,
			);
			sourceTree = "<group>";
		};
		BE04CEB42DCAF7CF00C8E0B0 /* Products */ = {
			isa = PBXGroup;
			children = (
				BE04CEB32DCAF7CF00C8E0B0 /* MyAPIApp.app */,
				BE04CEC12DCAF7D100C8E0B0 /* MyAPIAppTests.xctest */,
				BE04CECB2DCAF7D100C8E0B0 /* MyAPIAppUITests.xctest */,
			);
			name = Products;
			sourceTree = "<group>";
		};
/* End PBXGroup section */

/* Begin PBXNativeTarget section */
		BE04CEB22DCAF7CF00C8E0B0 /* MyAPIApp */ = {
			isa = PBXNativeTarget;
			buildConfigurationList = BE04CED52DCAF7D100C8E0B0 /* Build configuration list for PBXNativeTarget "MyAPIApp" */;
			buildPhases = (
				BE04CEAF2DCAF7CF00C8E0B0 /* Sources */,
				BE04CEB02DCAF7CF00C8E0B0 /* Frameworks */,
				BE04CEB12DCAF7CF00C8E0B0 /* Resources */,
			);
			buildRules = (
			);
			dependencies = (
			);
			fileSystemSynchronizedGroups = (
				BE04CEB52DCAF7CF00C8E0B0 /* MyAPIApp */,
			);
			name = MyAPIApp;
			packageProductDependencies = (
			);
			productName = MyAPIApp;
			productReference = BE04CEB32DCAF7CF00C8E0B0 /* MyAPIApp.app */;
			productType = "com.apple.product-type.application";
		};
		BE04CEC02DCAF7D100C8E0B0 /* MyAPIAppTests */ = {
			isa = PBXNativeTarget;
			buildConfigurationList = BE04CED82DCAF7D100C8E0B0 /* Build configuration list for PBXNativeTarget "MyAPIAppTests" */;
			buildPhases = (
				BE04CEBD2DCAF7D100C8E0B0 /* Sources */,
				BE04CEBE2DCAF7D100C8E0B0 /* Frameworks */,
				BE04CEBF2DCAF7D100C8E0B0 /* Resources */,
			);
			buildRules = (
			);
			dependencies = (
				BE04CEC32DCAF7D100C8E0B0 /* PBXTargetDependency */,
			);
			fileSystemSynchronizedGroups = (
				BE04CEC42DCAF7D100C8E0B0 /* MyAPIAppTests */,
			);
			name = MyAPIAppTests;
			packageProductDependencies = (
			);
			productName = MyAPIAppTests;
			productReference = BE04CEC12DCAF7D100C8E0B0 /* MyAPIAppTests.xctest */;
			productType = "com.apple.product-type.bundle.unit-test";
		};
		BE04CECA2DCAF7D100C8E0B0 /* MyAPIAppUITests */ = {
			isa = PBXNativeTarget;
			buildConfigurationList = BE04CEDB2DCAF7D100C8E0B0 /* Build configuration list for PBXNativeTarget "MyAPIAppUITests" */;
			buildPhases = (
				BE04CEC72DCAF7D100C8E0B0 /* Sources */,
				BE04CEC82DCAF7D100C8E0B0 /* Frameworks */,
				BE04CEC92DCAF7D100C8E0B0 /* Resources */,
			);
			buildRules = (
			);
			dependencies = (
				BE04CECD2DCAF7D100C8E0B0 /* PBXTargetDependency */,
			);
			fileSystemSynchronizedGroups = (
				BE04CECE2DCAF7D100C8E0B0 /* MyAPIAppUITests */,
			);
			name = MyAPIAppUITests;
			packageProductDependencies = (
			);
			productName = MyAPIAppUITests;
			productReference = BE04CECB2DCAF7D100C8E0B0 /* MyAPIAppUITests.xctest */;
			productType = "com.apple.product-type.bundle.ui-testing";
		};
/* End PBXNativeTarget section */

/* Begin PBXProject section */
		BE04CEAB2DCAF7CF00C8E0B0 /* Project object */ = {
			isa = PBXProject;
			attributes = {
				BuildIndependentTargetsInParallel = 1;
				LastSwiftUpdateCheck = 1630;
				LastUpgradeCheck = 1630;
				TargetAttributes = {
					BE04CEB22DCAF7CF00C8E0B0 = {
						CreatedOnToolsVersion = 16.3;
					};
					BE04CEC02DCAF7D100C8E0B0 = {
						CreatedOnToolsVersion = 16.3;
						TestTargetID = BE04CEB22DCAF7CF00C8E0B0;
					};
					BE04CECA2DCAF7D100C8E0B0 = {
						CreatedOnToolsVersion = 16.3;
						TestTargetID = BE04CEB22DCAF7CF00C8E0B0;
					};
				};
			};
			buildConfigurationList = BE04CEAE2DCAF7CF00C8E0B0 /* Build configuration list for PBXProject "MyAPIApp" */;
			developmentRegion = en;
			hasScannedForEncodings = 0;
			knownRegions = (
				en,
				Base,
			);
			mainGroup = BE04CEAA2DCAF7CF00C8E0B0;
			minimizedProjectReferenceProxies = 1;
			preferredProjectObjectVersion = 77;
			productRefGroup = BE04CEB42DCAF7CF00C8E0B0 /* Products */;
			projectDirPath = "";
			projectRoot = "";
			targets = (
				BE04CEB22DCAF7CF00C8E0B0 /* MyAPIApp */,
				BE04CEC02DCAF7D100C8E0B0 /* MyAPIAppTests */,
				BE04CECA2DCAF7D100C8E0B0 /* MyAPIAppUITests */,
			);
		};
/* End PBXProject section */

/* Begin PBXResourcesBuildPhase section */
		BE04CEB12DCAF7CF00C8E0B0 /* Resources */ = {
			isa = PBXResourcesBuildPhase;
			buildActionMask = 2147483647;
			files = (
			);
			runOnlyForDeploymentPostprocessing = 0;
		};
		BE04CEBF2DCAF7D100C8E0B0 /* Resources */ = {
			isa = PBXResourcesBuildPhase;
			buildActionMask = 2147483647;
			files = (
			);
			runOnlyForDeploymentPostprocessing = 0;
		};
		BE04CEC92DCAF7D100C8E0B0 /* Resources */ = {
			isa = PBXResourcesBuildPhase;
			buildActionMask = 2147483647;
			files = (
			);
			runOnlyForDeploymentPostprocessing = 0;
		};
/* End PBXResourcesBuildPhase section */

/* Begin PBXSourcesBuildPhase section */
		BE04CEAF2DCAF7CF00C8E0B0 /* Sources */ = {
			isa = PBXSourcesBuildPhase;
			buildActionMask = 2147483647;
			files = (
			);
			runOnlyForDeploymentPostprocessing = 0;
		};
		BE04CEBD2DCAF7D100C8E0B0 /* Sources */ = {
			isa = PBXSourcesBuildPhase;
			buildActionMask = 2147483647;
			files = (
			);
			runOnlyForDeploymentPostprocessing = 0;
		};
		BE04CEC72DCAF7D100C8E0B0 /* Sources */ = {
			isa = PBXSourcesBuildPhase;
			buildActionMask = 2147483647;
			files = (
			);
			runOnlyForDeploymentPostprocessing = 0;
		};
/* End PBXSourcesBuildPhase section */

/* Begin PBXTargetDependency section */
		BE04CEC32DCAF7D100C8E0B0 /* PBXTargetDependency */ = {
			isa = PBXTargetDependency;
			target = BE04CEB22DCAF7CF00C8E0B0 /* MyAPIApp */;
			targetProxy = BE04CEC22DCAF7D100C8E0B0 /* PBXContainerItemProxy */;
		};
		BE04CECD2DCAF7D100C8E0B0 /* PBXTargetDependency */ = {
			isa = PBXTargetDependency;
			target = BE04CEB22DCAF7CF00C8E0B0 /* MyAPIApp */;
			targetProxy = BE04CECC2DCAF7D100C8E0B0 /* PBXContainerItemProxy */;
		};
/* End PBXTargetDependency section */

/* Begin XCBuildConfiguration section */
		BE04CED32DCAF7D100C8E0B0 /* Debug */ = {
			isa = XCBuildConfiguration;
			buildSettings = {
				ALWAYS_SEARCH_USER_PATHS = NO;
				ASSETCATALOG_COMPILER_GENERATE_SWIFT_ASSET_SYMBOL_EXTENSIONS = YES;
				CLANG_ANALYZER_NONNULL = YES;
				CLANG_ANALYZER_NUMBER_OBJECT_CONVERSION = YES_AGGRESSIVE;
				CLANG_CXX_LANGUAGE_STANDARD = "gnu++20";
				CLANG_ENABLE_MODULES = YES;
				CLANG_ENABLE_OBJC_ARC = YES;
				CLANG_ENABLE_OBJC_WEAK = YES;
				CLANG_WARN_BLOCK_CAPTURE_AUTORELEASING = YES;
				CLANG_WARN_BOOL_CONVERSION = YES;
				CLANG_WARN_COMMA = YES;
				CLANG_WARN_CONSTANT_CONVERSION = YES;
				CLANG_WARN_DEPRECATED_OBJC_IMPLEMENTATIONS = YES;
				CLANG_WARN_DIRECT_OBJC_ISA_USAGE = YES_ERROR;
				CLANG_WARN_DOCUMENTATION_COMMENTS = YES;
				CLANG_WARN_EMPTY_BODY = YES;
				CLANG_WARN_ENUM_CONVERSION = YES;
				CLANG_WARN_INFINITE_RECURSION = YES;
				CLANG_WARN_INT_CONVERSION = YES;
				CLANG_WARN_NON_LITERAL_NULL_CONVERSION = YES;
				CLANG_WARN_OBJC_IMPLICIT_RETAIN_SELF = YES;
				CLANG_WARN_OBJC_LITERAL_CONVERSION = YES;
				CLANG_WARN_OBJC_ROOT_CLASS = YES_ERROR;
				CLANG_WARN_QUOTED_INCLUDE_IN_FRAMEWORK_HEADER = YES;
				CLANG_WARN_RANGE_LOOP_ANALYSIS = YES;
				CLANG_WARN_STRICT_PROTOTYPES = YES;
				CLANG_WARN_SUSPICIOUS_MOVE = YES;
				CLANG_WARN_UNGUARDED_AVAILABILITY = YES_AGGRESSIVE;
				CLANG_WARN_UNREACHABLE_CODE = YES;
				CLANG_WARN__DUPLICATE_METHOD_MATCH = YES;
				COPY_PHASE_STRIP = NO;
				DEBUG_INFORMATION_FORMAT = dwarf;
				ENABLE_STRICT_OBJC_MSGSEND = YES;
				ENABLE_TESTABILITY = YES;
				ENABLE_USER_SCRIPT_SANDBOXING = YES;
				GCC_C_LANGUAGE_STANDARD = gnu17;
				GCC_DYNAMIC_NO_PIC = NO;
				GCC_NO_COMMON_BLOCKS = YES;
				GCC_OPTIMIZATION_LEVEL = 0;
				GCC_PREPROCESSOR_DEFINITIONS = (
					"DEBUG=1",
					"$(inherited)",
				);
				GCC_WARN_64_TO_32_BIT_CONVERSION = YES;
				GCC_WARN_ABOUT_RETURN_TYPE = YES_ERROR;
				GCC_WARN_UNDECLARED_SELECTOR = YES;
				GCC_WARN_UNINITIALIZED_AUTOS = YES_AGGRESSIVE;
				GCC_WARN_UNUSED_FUNCTION = YES;
				GCC_WARN_UNUSED_VARIABLE = YES;
				LOCALIZATION_PREFERS_STRING_CATALOGS = YES;
				MTL_ENABLE_DEBUG_INFO = INCLUDE_SOURCE;
				MTL_FAST_MATH = YES;
				ONLY_ACTIVE_ARCH = YES;
				SWIFT_ACTIVE_COMPILATION_CONDITIONS = "DEBUG $(inherited)";
				SWIFT_OPTIMIZATION_LEVEL = "-Onone";
			};
			name = Debug;
		};
		BE04CED42DCAF7D100C8E0B0 /* Release */ = {
			isa = XCBuildConfiguration;
			buildSettings = {
				ALWAYS_SEARCH_USER_PATHS = NO;
				ASSETCATALOG_COMPILER_GENERATE_SWIFT_ASSET_SYMBOL_EXTENSIONS = YES;
				CLANG_ANALYZER_NONNULL = YES;
				CLANG_ANALYZER_NUMBER_OBJECT_CONVERSION = YES_AGGRESSIVE;
				CLANG_CXX_LANGUAGE_STANDARD = "gnu++20";
				CLANG_ENABLE_MODULES = YES;
				CLANG_ENABLE_OBJC_ARC = YES;
				CLANG_ENABLE_OBJC_WEAK = YES;
				CLANG_WARN_BLOCK_CAPTURE_AUTORELEASING = YES;
				CLANG_WARN_BOOL_CONVERSION = YES;
				CLANG_WARN_COMMA = YES;
				CLANG_WARN_CONSTANT_CONVERSION = YES;
				CLANG_WARN_DEPRECATED_OBJC_IMPLEMENTATIONS = YES;
				CLANG_WARN_DIRECT_OBJC_ISA_USAGE = YES_ERROR;
				CLANG_WARN_DOCUMENTATION_COMMENTS = YES;
				CLANG_WARN_EMPTY_BODY = YES;
				CLANG_WARN_ENUM_CONVERSION = YES;
				CLANG_WARN_INFINITE_RECURSION = YES;
				CLANG_WARN_INT_CONVERSION = YES;
				CLANG_WARN_NON_LITERAL_NULL_CONVERSION = YES;
				CLANG_WARN_OBJC_IMPLICIT_RETAIN_SELF = YES;
				CLANG_WARN_OBJC_LITERAL_CONVERSION = YES;
				CLANG_WARN_OBJC_ROOT_CLASS = YES_ERROR;
				CLANG_WARN_QUOTED_INCLUDE_IN_FRAMEWORK_HEADER = YES;
				CLANG_WARN_RANGE_LOOP_ANALYSIS = YES;
				CLANG_WARN_STRICT_PROTOTYPES = YES;
				CLANG_WARN_SUSPICIOUS_MOVE = YES;
				CLANG_WARN_UNGUARDED_AVAILABILITY = YES_AGGRESSIVE;
				CLANG_WARN_UNREACHABLE_CODE = YES;
				CLANG_WARN__DUPLICATE_METHOD_MATCH = YES;
				COPY_PHASE_STRIP = NO;
				DEBUG_INFORMATION_FORMAT = "dwarf-with-dsym";
				ENABLE_NS_ASSERTIONS = NO;
				ENABLE_STRICT_OBJC_MSGSEND = YES;
				ENABLE_USER_SCRIPT_SANDBOXING = YES;
				GCC_C_LANGUAGE_STANDARD = gnu17;
				GCC_NO_COMMON_BLOCKS = YES;
				GCC_WARN_64_TO_32_BIT_CONVERSION = YES;
				GCC_WARN_ABOUT_RETURN_TYPE = YES_ERROR;
				GCC_WARN_UNDECLARED_SELECTOR = YES;
				GCC_WARN_UNINITIALIZED_AUTOS = YES_AGGRESSIVE;
				GCC_WARN_UNUSED_FUNCTION = YES;
				GCC_WARN_UNUSED_VARIABLE = YES;
				LOCALIZATION_PREFERS_STRING_CATALOGS = YES;
				MTL_ENABLE_DEBUG_INFO = NO;
				MTL_FAST_MATH = YES;
				SWIFT_COMPILATION_MODE = wholemodule;
			};
			name = Release;
		};
		BE04CED62DCAF7D100C8E0B0 /* Debug */ = {
			isa = XCBuildConfiguration;
			buildSettings = {
				ASSETCATALOG_COMPILER_APPICON_NAME = AppIcon;
				ASSETCATALOG_COMPILER_GLOBAL_ACCENT_COLOR_NAME = AccentColor;
				CODE_SIGN_ENTITLEMENTS = MyAPIApp/MyAPIApp.entitlements;
				CODE_SIGN_STYLE = Automatic;
				CURRENT_PROJECT_VERSION = 1;
				ENABLE_PREVIEWS = YES;
				GENERATE_INFOPLIST_FILE = YES;
				"INFOPLIST_KEY_UIApplicationSceneManifest_Generation[sdk=iphoneos*]" = YES;
				"INFOPLIST_KEY_UIApplicationSceneManifest_Generation[sdk=iphonesimulator*]" = YES;
				"INFOPLIST_KEY_UIApplicationSupportsIndirectInputEvents[sdk=iphoneos*]" = YES;
				"INFOPLIST_KEY_UIApplicationSupportsIndirectInputEvents[sdk=iphonesimulator*]" = YES;
				"INFOPLIST_KEY_UILaunchScreen_Generation[sdk=iphoneos*]" = YES;
				"INFOPLIST_KEY_UILaunchScreen_Generation[sdk=iphonesimulator*]" = YES;
				"INFOPLIST_KEY_UIStatusBarStyle[sdk=iphoneos*]" = UIStatusBarStyleDefault;
				"INFOPLIST_KEY_UIStatusBarStyle[sdk=iphonesimulator*]" = UIStatusBarStyleDefault;
				INFOPLIST_KEY_UISupportedInterfaceOrientations_iPad = "UIInterfaceOrientationPortrait UIInterfaceOrientationPortraitUpsideDown UIInterfaceOrientationLandscapeLeft UIInterfaceOrientationLandscapeRight";
				INFOPLIST_KEY_UISupportedInterfaceOrientations_iPhone = "UIInterfaceOrientationPortrait UIInterfaceOrientationLandscapeLeft UIInterfaceOrientationLandscapeRight";
				IPHONEOS_DEPLOYMENT_TARGET = 18.4;
				LD_RUNPATH_SEARCH_PATHS = "@executable_path/Frameworks";
				"LD_RUNPATH_SEARCH_PATHS[sdk=macosx*]" = "@executable_path/../Frameworks";
				MACOSX_DEPLOYMENT_TARGET = 15.4;
				MARKETING_VERSION = 1.0;
				PRODUCT_BUNDLE_IDENTIFIER = otc.MyAPIApp;
				PRODUCT_NAME = "$(TARGET_NAME)";
				REGISTER_APP_GROUPS = YES;
				SDKROOT = auto;
				SUPPORTED_PLATFORMS = "iphoneos iphonesimulator macosx xros xrsimulator";
				SWIFT_EMIT_LOC_STRINGS = YES;
				SWIFT_VERSION = 5.0;
				TARGETED_DEVICE_FAMILY = "1,2,7";
				XROS_DEPLOYMENT_TARGET = 2.4;
			};
			name = Debug;
		};
		BE04CED72DCAF7D100C8E0B0 /* Release */ = {
			isa = XCBuildConfiguration;
			buildSettings = {
				ASSETCATALOG_COMPILER_APPICON_NAME = AppIcon;
				ASSETCATALOG_COMPILER_GLOBAL_ACCENT_COLOR_NAME = AccentColor;
				CODE_SIGN_ENTITLEMENTS = MyAPIApp/MyAPIApp.entitlements;
				CODE_SIGN_STYLE = Automatic;
				CURRENT_PROJECT_VERSION = 1;
				ENABLE_PREVIEWS = YES;
				GENERATE_INFOPLIST_FILE = YES;
				"INFOPLIST_KEY_UIApplicationSceneManifest_Generation[sdk=iphoneos*]" = YES;
				"INFOPLIST_KEY_UIApplicationSceneManifest_Generation[sdk=iphonesimulator*]" = YES;
				"INFOPLIST_KEY_UIApplicationSupportsIndirectInputEvents[sdk=iphoneos*]" = YES;
				"INFOPLIST_KEY_UIApplicationSupportsIndirectInputEvents[sdk=iphonesimulator*]" = YES;
				"INFOPLIST_KEY_UILaunchScreen_Generation[sdk=iphoneos*]" = YES;
				"INFOPLIST_KEY_UILaunchScreen_Generation[sdk=iphonesimulator*]" = YES;
				"INFOPLIST_KEY_UIStatusBarStyle[sdk=iphoneos*]" = UIStatusBarStyleDefault;
				"INFOPLIST_KEY_UIStatusBarStyle[sdk=iphonesimulator*]" = UIStatusBarStyleDefault;
				INFOPLIST_KEY_UISupportedInterfaceOrientations_iPad = "UIInterfaceOrientationPortrait UIInterfaceOrientationPortraitUpsideDown UIInterfaceOrientationLandscapeLeft UIInterfaceOrientationLandscapeRight";
				INFOPLIST_KEY_UISupportedInterfaceOrientations_iPhone = "UIInterfaceOrientationPortrait UIInterfaceOrientationLandscapeLeft UIInterfaceOrientationLandscapeRight";
				IPHONEOS_DEPLOYMENT_TARGET = 18.4;
				LD_RUNPATH_SEARCH_PATHS = "@executable_path/Frameworks";
				"LD_RUNPATH_SEARCH_PATHS[sdk=macosx*]" = "@executable_path/../Frameworks";
				MACOSX_DEPLOYMENT_TARGET = 15.4;
				MARKETING_VERSION = 1.0;
				PRODUCT_BUNDLE_IDENTIFIER = otc.MyAPIApp;
				PRODUCT_NAME = "$(TARGET_NAME)";
				REGISTER_APP_GROUPS = YES;
				SDKROOT = auto;
				SUPPORTED_PLATFORMS = "iphoneos iphonesimulator macosx xros xrsimulator";
				SWIFT_EMIT_LOC_STRINGS = YES;
				SWIFT_VERSION = 5.0;
				TARGETED_DEVICE_FAMILY = "1,2,7";
				XROS_DEPLOYMENT_TARGET = 2.4;
			};
			name = Release;
		};
		BE04CED92DCAF7D100C8E0B0 /* Debug */ = {
			isa = XCBuildConfiguration;
			buildSettings = {
				BUNDLE_LOADER = "$(TEST_HOST)";
				CODE_SIGN_STYLE = Automatic;
				CURRENT_PROJECT_VERSION = 1;
				GENERATE_INFOPLIST_FILE = YES;
				IPHONEOS_DEPLOYMENT_TARGET = 18.4;
				MACOSX_DEPLOYMENT_TARGET = 15.4;
				MARKETING_VERSION = 1.0;
				PRODUCT_BUNDLE_IDENTIFIER = otc.MyAPIAppTests;
				PRODUCT_NAME = "$(TARGET_NAME)";
				SDKROOT = auto;
				SUPPORTED_PLATFORMS = "iphoneos iphonesimulator macosx xros xrsimulator";
				SWIFT_EMIT_LOC_STRINGS = NO;
				SWIFT_VERSION = 5.0;
				TARGETED_DEVICE_FAMILY = "1,2,7";
				TEST_HOST = "$(BUILT_PRODUCTS_DIR)/MyAPIApp.app/$(BUNDLE_EXECUTABLE_FOLDER_PATH)/MyAPIApp";
				XROS_DEPLOYMENT_TARGET = 2.4;
			};
			name = Debug;
		};
		BE04CEDA2DCAF7D100C8E0B0 /* Release */ = {
			isa = XCBuildConfiguration;
			buildSettings = {
				BUNDLE_LOADER = "$(TEST_HOST)";
				CODE_SIGN_STYLE = Automatic;
				CURRENT_PROJECT_VERSION = 1;
				GENERATE_INFOPLIST_FILE = YES;
				IPHONEOS_DEPLOYMENT_TARGET = 18.4;
				MACOSX_DEPLOYMENT_TARGET = 15.4;
				MARKETING_VERSION = 1.0;
				PRODUCT_BUNDLE_IDENTIFIER = otc.MyAPIAppTests;
				PRODUCT_NAME = "$(TARGET_NAME)";
				SDKROOT = auto;
				SUPPORTED_PLATFORMS = "iphoneos iphonesimulator macosx xros xrsimulator";
				SWIFT_EMIT_LOC_STRINGS = NO;
				SWIFT_VERSION = 5.0;
				TARGETED_DEVICE_FAMILY = "1,2,7";
				TEST_HOST = "$(BUILT_PRODUCTS_DIR)/MyAPIApp.app/$(BUNDLE_EXECUTABLE_FOLDER_PATH)/MyAPIApp";
				XROS_DEPLOYMENT_TARGET = 2.4;
			};
			name = Release;
		};
		BE04CEDC2DCAF7D100C8E0B0 /* Debug */ = {
			isa = XCBuildConfiguration;
			buildSettings = {
				CODE_SIGN_STYLE = Automatic;
				CURRENT_PROJECT_VERSION = 1;
				GENERATE_INFOPLIST_FILE = YES;
				IPHONEOS_DEPLOYMENT_TARGET = 18.4;
				MACOSX_DEPLOYMENT_TARGET = 15.4;
				MARKETING_VERSION = 1.0;
				PRODUCT_BUNDLE_IDENTIFIER = otc.MyAPIAppUITests;
				PRODUCT_NAME = "$(TARGET_NAME)";
				SDKROOT = auto;
				SUPPORTED_PLATFORMS = "iphoneos iphonesimulator macosx xros xrsimulator";
				SWIFT_EMIT_LOC_STRINGS = NO;
				SWIFT_VERSION = 5.0;
				TARGETED_DEVICE_FAMILY = "1,2,7";
				TEST_TARGET_NAME = MyAPIApp;
				XROS_DEPLOYMENT_TARGET = 2.4;
			};
			name = Debug;
		};
		BE04CEDD2DCAF7D100C8E0B0 /* Release */ = {
			isa = XCBuildConfiguration;
			buildSettings = {
				CODE_SIGN_STYLE = Automatic;
				CURRENT_PROJECT_VERSION = 1;
				GENERATE_INFOPLIST_FILE = YES;
				IPHONEOS_DEPLOYMENT_TARGET = 18.4;
				MACOSX_DEPLOYMENT_TARGET = 15.4;
				MARKETING_VERSION = 1.0;
				PRODUCT_BUNDLE_IDENTIFIER = otc.MyAPIAppUITests;
				PRODUCT_NAME = "$(TARGET_NAME)";
				SDKROOT = auto;
				SUPPORTED_PLATFORMS = "iphoneos iphonesimulator macosx xros xrsimulator";
				SWIFT_EMIT_LOC_STRINGS = NO;
				SWIFT_VERSION = 5.0;
				TARGETED_DEVICE_FAMILY = "1,2,7";
				TEST_TARGET_NAME = MyAPIApp;
				XROS_DEPLOYMENT_TARGET = 2.4;
			};
			name = Release;
		};
/* End XCBuildConfiguration section */

/* Begin XCConfigurationList section */
		BE04CEAE2DCAF7CF00C8E0B0 /* Build configuration list for PBXProject "MyAPIApp" */ = {
			isa = XCConfigurationList;
			buildConfigurations = (
				BE04CED32DCAF7D100C8E0B0 /* Debug */,
				BE04CED42DCAF7D100C8E0B0 /* Release */,
			);
			defaultConfigurationIsVisible = 0;
			defaultConfigurationName = Release;
		};
		BE04CED52DCAF7D100C8E0B0 /* Build configuration list for PBXNativeTarget "MyAPIApp" */ = {
			isa = XCConfigurationList;
			buildConfigurations = (
				BE04CED62DCAF7D100C8E0B0 /* Debug */,
				BE04CED72DCAF7D100C8E0B0 /* Release */,
			);
			defaultConfigurationIsVisible = 0;
			defaultConfigurationName = Release;
		};
		BE04CED82DCAF7D100C8E0B0 /* Build configuration list for PBXNativeTarget "MyAPIAppTests" */ = {
			isa = XCConfigurationList;
			buildConfigurations = (
				BE04CED92DCAF7D100C8E0B0 /* Debug */,
				BE04CEDA2DCAF7D100C8E0B0 /* Release */,
			);
			defaultConfigurationIsVisible = 0;
			defaultConfigurationName = Release;
		};
		BE04CEDB2DCAF7D100C8E0B0 /* Build configuration list for PBXNativeTarget "MyAPIAppUITests" */ = {
			isa = XCConfigurationList;
			buildConfigurations = (
				BE04CEDC2DCAF7D100C8E0B0 /* Debug */,
				BE04CEDD2DCAF7D100C8E0B0 /* Release */,
			);
			defaultConfigurationIsVisible = 0;
			defaultConfigurationName = Release;
		};
/* End XCConfigurationList section */
	};
	rootObject = BE04CEAB2DCAF7CF00C8E0B0 /* Project object */;
}
